// !$*UTF8*$!
{
	archiveVersion = 1;
	classes = {
	};
	objectVersion = 56;
	objects = {

/* Begin PBXBuildFile section */
		758B31572A11BADC00DABAC8 /* AppDelegate.swift in Sources */ = {isa = PBXBuildFile; fileRef = 758B31562A11BADC00DABAC8 /* AppDelegate.swift */; };
		758B31592A11BADC00DABAC8 /* SceneDelegate.swift in Sources */ = {isa = PBXBuildFile; fileRef = 758B31582A11BADC00DABAC8 /* SceneDelegate.swift */; };
		758B315E2A11BADC00DABAC8 /* Main.storyboard in Resources */ = {isa = PBXBuildFile; fileRef = 758B315C2A11BADC00DABAC8 /* Main.storyboard */; };
		758B31612A11BADC00DABAC8 /* NewsApp.xcdatamodeld in Sources */ = {isa = PBXBuildFile; fileRef = 758B315F2A11BADC00DABAC8 /* NewsApp.xcdatamodeld */; };
		758B31632A11BADD00DABAC8 /* Assets.xcassets in Resources */ = {isa = PBXBuildFile; fileRef = 758B31622A11BADD00DABAC8 /* Assets.xcassets */; };
		758B31662A11BADD00DABAC8 /* LaunchScreen.storyboard in Resources */ = {isa = PBXBuildFile; fileRef = 758B31642A11BADD00DABAC8 /* LaunchScreen.storyboard */; };
		758B31722A143C9C00DABAC8 /* UICollectionView+Extansion.swift in Sources */ = {isa = PBXBuildFile; fileRef = 758B31712A143C9C00DABAC8 /* UICollectionView+Extansion.swift */; };
		758B31742A143D0900DABAC8 /* UICollectionViewCell+Extansion.swift in Sources */ = {isa = PBXBuildFile; fileRef = 758B31732A143D0900DABAC8 /* UICollectionViewCell+Extansion.swift */; };
		7594516F2A16B504004E5A7D /* HomeViewModel.swift in Sources */ = {isa = PBXBuildFile; fileRef = 7594516E2A16B504004E5A7D /* HomeViewModel.swift */; };
		759482922A143FD500E87714 /* HomeViewController.swift in Sources */ = {isa = PBXBuildFile; fileRef = 759482912A143FD400E87714 /* HomeViewController.swift */; };
		7594829B2A14460800E87714 /* LoadingView.swift in Sources */ = {isa = PBXBuildFile; fileRef = 7594829A2A14460800E87714 /* LoadingView.swift */; };
		7594829E2A14470600E87714 /* LoadingShowable.swift in Sources */ = {isa = PBXBuildFile; fileRef = 7594829D2A14470600E87714 /* LoadingShowable.swift */; };
		759482AA2A144E0300E87714 /* NewsAPI in Frameworks */ = {isa = PBXBuildFile; productRef = 759482A92A144E0300E87714 /* NewsAPI */; };
		759482AD2A145D5100E87714 /* SDWebImage in Frameworks */ = {isa = PBXBuildFile; productRef = 759482AC2A145D5100E87714 /* SDWebImage */; };
		759482B22A14631000E87714 /* NewsCell.swift in Sources */ = {isa = PBXBuildFile; fileRef = 759482B02A14631000E87714 /* NewsCell.swift */; };
		759482B32A14631000E87714 /* NewsCell.xib in Resources */ = {isa = PBXBuildFile; fileRef = 759482B12A14631000E87714 /* NewsCell.xib */; };
		75A893452A157B6500556F80 /* MoreViewController.swift in Sources */ = {isa = PBXBuildFile; fileRef = 75A893442A157B6500556F80 /* MoreViewController.swift */; };
		75B0D3802A15068100341154 /* SectionCell.swift in Sources */ = {isa = PBXBuildFile; fileRef = 75B0D37E2A15068100341154 /* SectionCell.swift */; };
		75B0D3812A15068100341154 /* SectionCell.xib in Resources */ = {isa = PBXBuildFile; fileRef = 75B0D37F2A15068100341154 /* SectionCell.xib */; };
/* End PBXBuildFile section */

/* Begin PBXFileReference section */
		758B31532A11BADC00DABAC8 /* NewsApp.app */ = {isa = PBXFileReference; explicitFileType = wrapper.application; includeInIndex = 0; path = NewsApp.app; sourceTree = BUILT_PRODUCTS_DIR; };
		758B31562A11BADC00DABAC8 /* AppDelegate.swift */ = {isa = PBXFileReference; lastKnownFileType = sourcecode.swift; path = AppDelegate.swift; sourceTree = "<group>"; };
		758B31582A11BADC00DABAC8 /* SceneDelegate.swift */ = {isa = PBXFileReference; lastKnownFileType = sourcecode.swift; path = SceneDelegate.swift; sourceTree = "<group>"; };
		758B315D2A11BADC00DABAC8 /* Base */ = {isa = PBXFileReference; lastKnownFileType = file.storyboard; name = Base; path = Base.lproj/Main.storyboard; sourceTree = "<group>"; };
		758B31602A11BADC00DABAC8 /* NewsApp.xcdatamodel */ = {isa = PBXFileReference; lastKnownFileType = wrapper.xcdatamodel; path = NewsApp.xcdatamodel; sourceTree = "<group>"; };
		758B31622A11BADD00DABAC8 /* Assets.xcassets */ = {isa = PBXFileReference; lastKnownFileType = folder.assetcatalog; path = Assets.xcassets; sourceTree = "<group>"; };
		758B31652A11BADD00DABAC8 /* Base */ = {isa = PBXFileReference; lastKnownFileType = file.storyboard; name = Base; path = Base.lproj/LaunchScreen.storyboard; sourceTree = "<group>"; };
		758B31672A11BADD00DABAC8 /* Info.plist */ = {isa = PBXFileReference; lastKnownFileType = text.plist.xml; path = Info.plist; sourceTree = "<group>"; };
		758B31712A143C9C00DABAC8 /* UICollectionView+Extansion.swift */ = {isa = PBXFileReference; lastKnownFileType = sourcecode.swift; path = "UICollectionView+Extansion.swift"; sourceTree = "<group>"; };
		758B31732A143D0900DABAC8 /* UICollectionViewCell+Extansion.swift */ = {isa = PBXFileReference; lastKnownFileType = sourcecode.swift; path = "UICollectionViewCell+Extansion.swift"; sourceTree = "<group>"; };
		7594516E2A16B504004E5A7D /* HomeViewModel.swift */ = {isa = PBXFileReference; lastKnownFileType = sourcecode.swift; path = HomeViewModel.swift; sourceTree = "<group>"; };
		759482912A143FD400E87714 /* HomeViewController.swift */ = {isa = PBXFileReference; lastKnownFileType = sourcecode.swift; path = HomeViewController.swift; sourceTree = "<group>"; };
		759482952A14434400E87714 /* NewsAPI */ = {isa = PBXFileReference; lastKnownFileType = wrapper; name = NewsAPI; path = ../../../../.Trash/NewsAPI; sourceTree = "<group>"; };
		7594829A2A14460800E87714 /* LoadingView.swift */ = {isa = PBXFileReference; lastKnownFileType = sourcecode.swift; path = LoadingView.swift; sourceTree = "<group>"; };
		7594829D2A14470600E87714 /* LoadingShowable.swift */ = {isa = PBXFileReference; lastKnownFileType = sourcecode.swift; path = LoadingShowable.swift; sourceTree = "<group>"; };
		759482B02A14631000E87714 /* NewsCell.swift */ = {isa = PBXFileReference; lastKnownFileType = sourcecode.swift; path = NewsCell.swift; sourceTree = "<group>"; };
		759482B12A14631000E87714 /* NewsCell.xib */ = {isa = PBXFileReference; lastKnownFileType = file.xib; path = NewsCell.xib; sourceTree = "<group>"; };
		75A893442A157B6500556F80 /* MoreViewController.swift */ = {isa = PBXFileReference; lastKnownFileType = sourcecode.swift; path = MoreViewController.swift; sourceTree = "<group>"; };
		75B0D37E2A15068100341154 /* SectionCell.swift */ = {isa = PBXFileReference; lastKnownFileType = sourcecode.swift; path = SectionCell.swift; sourceTree = "<group>"; };
		75B0D37F2A15068100341154 /* SectionCell.xib */ = {isa = PBXFileReference; lastKnownFileType = file.xib; path = SectionCell.xib; sourceTree = "<group>"; };
/* End PBXFileReference section */

/* Begin PBXFrameworksBuildPhase section */
		758B31502A11BADC00DABAC8 /* Frameworks */ = {
			isa = PBXFrameworksBuildPhase;
			buildActionMask = 2147483647;
			files = (
				759482AD2A145D5100E87714 /* SDWebImage in Frameworks */,
				759482AA2A144E0300E87714 /* NewsAPI in Frameworks */,
			);
			runOnlyForDeploymentPostprocessing = 0;
		};
/* End PBXFrameworksBuildPhase section */

/* Begin PBXGroup section */
		758B314A2A11BADC00DABAC8 = {
			isa = PBXGroup;
			children = (
				759482952A14434400E87714 /* NewsAPI */,
				758B31552A11BADC00DABAC8 /* NewsApp */,
				758B31542A11BADC00DABAC8 /* Products */,
				759482962A1443F800E87714 /* Frameworks */,
			);
			sourceTree = "<group>";
		};
		758B31542A11BADC00DABAC8 /* Products */ = {
			isa = PBXGroup;
			children = (
				758B31532A11BADC00DABAC8 /* NewsApp.app */,
			);
			name = Products;
			sourceTree = "<group>";
		};
		758B31552A11BADC00DABAC8 /* NewsApp */ = {
			isa = PBXGroup;
			children = (
				7594516C2A16B37B004E5A7D /* Scenes */,
				759482B42A147BDE00E87714 /* Controllers */,
				7594829F2A14489D00E87714 /* Cells */,
				7594829C2A1446E500E87714 /* Utils */,
				759482992A1445CC00E87714 /* Views */,
				758B31702A143C4E00DABAC8 /* Extensions */,
				758B31562A11BADC00DABAC8 /* AppDelegate.swift */,
				758B31582A11BADC00DABAC8 /* SceneDelegate.swift */,
				758B315C2A11BADC00DABAC8 /* Main.storyboard */,
				758B31622A11BADD00DABAC8 /* Assets.xcassets */,
				758B31642A11BADD00DABAC8 /* LaunchScreen.storyboard */,
				758B31672A11BADD00DABAC8 /* Info.plist */,
				758B315F2A11BADC00DABAC8 /* NewsApp.xcdatamodeld */,
			);
			path = NewsApp;
			sourceTree = "<group>";
		};
		758B31702A143C4E00DABAC8 /* Extensions */ = {
			isa = PBXGroup;
			children = (
				758B31712A143C9C00DABAC8 /* UICollectionView+Extansion.swift */,
				758B31732A143D0900DABAC8 /* UICollectionViewCell+Extansion.swift */,
			);
			path = Extensions;
			sourceTree = "<group>";
		};
		7594516C2A16B37B004E5A7D /* Scenes */ = {
			isa = PBXGroup;
			children = (
				7594516D2A16B39B004E5A7D /* ViewModels */,
			);
			path = Scenes;
			sourceTree = "<group>";
		};
		7594516D2A16B39B004E5A7D /* ViewModels */ = {
			isa = PBXGroup;
			children = (
				7594516E2A16B504004E5A7D /* HomeViewModel.swift */,
			);
			path = ViewModels;
			sourceTree = "<group>";
		};
		759482962A1443F800E87714 /* Frameworks */ = {
			isa = PBXGroup;
			children = (
			);
			name = Frameworks;
			sourceTree = "<group>";
		};
		759482992A1445CC00E87714 /* Views */ = {
			isa = PBXGroup;
			children = (
				7594829A2A14460800E87714 /* LoadingView.swift */,
			);
			path = Views;
			sourceTree = "<group>";
		};
		7594829C2A1446E500E87714 /* Utils */ = {
			isa = PBXGroup;
			children = (
				7594829D2A14470600E87714 /* LoadingShowable.swift */,
			);
			path = Utils;
			sourceTree = "<group>";
		};
		7594829F2A14489D00E87714 /* Cells */ = {
			isa = PBXGroup;
			children = (
				75B0D37D2A15065600341154 /* SectionCell */,
				759482A42A14493B00E87714 /* NewsCell */,
			);
			path = Cells;
			sourceTree = "<group>";
		};
		759482A42A14493B00E87714 /* NewsCell */ = {
			isa = PBXGroup;
			children = (
				759482B02A14631000E87714 /* NewsCell.swift */,
				759482B12A14631000E87714 /* NewsCell.xib */,
			);
			path = NewsCell;
			sourceTree = "<group>";
		};
		759482B42A147BDE00E87714 /* Controllers */ = {
			isa = PBXGroup;
			children = (
				759482912A143FD400E87714 /* HomeViewController.swift */,
				75A893442A157B6500556F80 /* MoreViewController.swift */,
			);
			path = Controllers;
			sourceTree = "<group>";
		};
		75B0D37D2A15065600341154 /* SectionCell */ = {
			isa = PBXGroup;
			children = (
				75B0D37E2A15068100341154 /* SectionCell.swift */,
				75B0D37F2A15068100341154 /* SectionCell.xib */,
			);
			path = SectionCell;
			sourceTree = "<group>";
		};
/* End PBXGroup section */

/* Begin PBXNativeTarget section */
		758B31522A11BADC00DABAC8 /* NewsApp */ = {
			isa = PBXNativeTarget;
			buildConfigurationList = 758B316A2A11BADD00DABAC8 /* Build configuration list for PBXNativeTarget "NewsApp" */;
			buildPhases = (
				758B314F2A11BADC00DABAC8 /* Sources */,
				758B31502A11BADC00DABAC8 /* Frameworks */,
				758B31512A11BADC00DABAC8 /* Resources */,
			);
			buildRules = (
			);
			dependencies = (
			);
			name = NewsApp;
			packageProductDependencies = (
				759482A92A144E0300E87714 /* NewsAPI */,
				759482AC2A145D5100E87714 /* SDWebImage */,
			);
			productName = NewsApp;
			productReference = 758B31532A11BADC00DABAC8 /* NewsApp.app */;
			productType = "com.apple.product-type.application";
		};
/* End PBXNativeTarget section */

/* Begin PBXProject section */
		758B314B2A11BADC00DABAC8 /* Project object */ = {
			isa = PBXProject;
			attributes = {
				BuildIndependentTargetsInParallel = 1;
				LastSwiftUpdateCheck = 1420;
				LastUpgradeCheck = 1420;
				TargetAttributes = {
					758B31522A11BADC00DABAC8 = {
						CreatedOnToolsVersion = 14.2;
					};
				};
			};
			buildConfigurationList = 758B314E2A11BADC00DABAC8 /* Build configuration list for PBXProject "NewsApp" */;
			compatibilityVersion = "Xcode 14.0";
			developmentRegion = en;
			hasScannedForEncodings = 0;
			knownRegions = (
				en,
				Base,
			);
			mainGroup = 758B314A2A11BADC00DABAC8;
			packageReferences = (
				759482AB2A145D5100E87714 /* XCRemoteSwiftPackageReference "SDWebImage" */,
			);
			productRefGroup = 758B31542A11BADC00DABAC8 /* Products */;
			projectDirPath = "";
			projectRoot = "";
			targets = (
				758B31522A11BADC00DABAC8 /* NewsApp */,
			);
		};
/* End PBXProject section */

/* Begin PBXResourcesBuildPhase section */
		758B31512A11BADC00DABAC8 /* Resources */ = {
			isa = PBXResourcesBuildPhase;
			buildActionMask = 2147483647;
			files = (
				758B31662A11BADD00DABAC8 /* LaunchScreen.storyboard in Resources */,
				758B31632A11BADD00DABAC8 /* Assets.xcassets in Resources */,
				759482B32A14631000E87714 /* NewsCell.xib in Resources */,
				758B315E2A11BADC00DABAC8 /* Main.storyboard in Resources */,
				75B0D3812A15068100341154 /* SectionCell.xib in Resources */,
			);
			runOnlyForDeploymentPostprocessing = 0;
		};
/* End PBXResourcesBuildPhase section */

/* Begin PBXSourcesBuildPhase section */
		758B314F2A11BADC00DABAC8 /* Sources */ = {
			isa = PBXSourcesBuildPhase;
			buildActionMask = 2147483647;
			files = (
				759482922A143FD500E87714 /* HomeViewController.swift in Sources */,
				759482B22A14631000E87714 /* NewsCell.swift in Sources */,
				75B0D3802A15068100341154 /* SectionCell.swift in Sources */,
				75A893452A157B6500556F80 /* MoreViewController.swift in Sources */,
				758B31722A143C9C00DABAC8 /* UICollectionView+Extansion.swift in Sources */,
				758B31572A11BADC00DABAC8 /* AppDelegate.swift in Sources */,
				7594829E2A14470600E87714 /* LoadingShowable.swift in Sources */,
				7594516F2A16B504004E5A7D /* HomeViewModel.swift in Sources */,
				758B31612A11BADC00DABAC8 /* NewsApp.xcdatamodeld in Sources */,
				758B31742A143D0900DABAC8 /* UICollectionViewCell+Extansion.swift in Sources */,
				7594829B2A14460800E87714 /* LoadingView.swift in Sources */,
				758B31592A11BADC00DABAC8 /* SceneDelegate.swift in Sources */,
			);
			runOnlyForDeploymentPostprocessing = 0;
		};
/* End PBXSourcesBuildPhase section */

/* Begin PBXVariantGroup section */
		758B315C2A11BADC00DABAC8 /* Main.storyboard */ = {
			isa = PBXVariantGroup;
			children = (
				758B315D2A11BADC00DABAC8 /* Base */,
			);
			name = Main.storyboard;
			sourceTree = "<group>";
		};
		758B31642A11BADD00DABAC8 /* LaunchScreen.storyboard */ = {
			isa = PBXVariantGroup;
			children = (
				758B31652A11BADD00DABAC8 /* Base */,
			);
			name = LaunchScreen.storyboard;
			sourceTree = "<group>";
		};
/* End PBXVariantGroup section */

/* Begin XCBuildConfiguration section */
		758B31682A11BADD00DABAC8 /* Debug */ = {
			isa = XCBuildConfiguration;
			buildSettings = {
				ALWAYS_SEARCH_USER_PATHS = NO;
				CLANG_ANALYZER_NONNULL = YES;
				CLANG_ANALYZER_NUMBER_OBJECT_CONVERSION = YES_AGGRESSIVE;
				CLANG_CXX_LANGUAGE_STANDARD = "gnu++20";
				CLANG_ENABLE_MODULES = YES;
				CLANG_ENABLE_OBJC_ARC = YES;
				CLANG_ENABLE_OBJC_WEAK = YES;
				CLANG_WARN_BLOCK_CAPTURE_AUTORELEASING = YES;
				CLANG_WARN_BOOL_CONVERSION = YES;
				CLANG_WARN_COMMA = YES;
				CLANG_WARN_CONSTANT_CONVERSION = YES;
				CLANG_WARN_DEPRECATED_OBJC_IMPLEMENTATIONS = YES;
				CLANG_WARN_DIRECT_OBJC_ISA_USAGE = YES_ERROR;
				CLANG_WARN_DOCUMENTATION_COMMENTS = YES;
				CLANG_WARN_EMPTY_BODY = YES;
				CLANG_WARN_ENUM_CONVERSION = YES;
				CLANG_WARN_INFINITE_RECURSION = YES;
				CLANG_WARN_INT_CONVERSION = YES;
				CLANG_WARN_NON_LITERAL_NULL_CONVERSION = YES;
				CLANG_WARN_OBJC_IMPLICIT_RETAIN_SELF = YES;
				CLANG_WARN_OBJC_LITERAL_CONVERSION = YES;
				CLANG_WARN_OBJC_ROOT_CLASS = YES_ERROR;
				CLANG_WARN_QUOTED_INCLUDE_IN_FRAMEWORK_HEADER = YES;
				CLANG_WARN_RANGE_LOOP_ANALYSIS = YES;
				CLANG_WARN_STRICT_PROTOTYPES = YES;
				CLANG_WARN_SUSPICIOUS_MOVE = YES;
				CLANG_WARN_UNGUARDED_AVAILABILITY = YES_AGGRESSIVE;
				CLANG_WARN_UNREACHABLE_CODE = YES;
				CLANG_WARN__DUPLICATE_METHOD_MATCH = YES;
				COPY_PHASE_STRIP = NO;
				DEBUG_INFORMATION_FORMAT = dwarf;
				ENABLE_STRICT_OBJC_MSGSEND = YES;
				ENABLE_TESTABILITY = YES;
				GCC_C_LANGUAGE_STANDARD = gnu11;
				GCC_DYNAMIC_NO_PIC = NO;
				GCC_NO_COMMON_BLOCKS = YES;
				GCC_OPTIMIZATION_LEVEL = 0;
				GCC_PREPROCESSOR_DEFINITIONS = (
					"DEBUG=1",
					"$(inherited)",
				);
				GCC_WARN_64_TO_32_BIT_CONVERSION = YES;
				GCC_WARN_ABOUT_RETURN_TYPE = YES_ERROR;
				GCC_WARN_UNDECLARED_SELECTOR = YES;
				GCC_WARN_UNINITIALIZED_AUTOS = YES_AGGRESSIVE;
				GCC_WARN_UNUSED_FUNCTION = YES;
				GCC_WARN_UNUSED_VARIABLE = YES;
				IPHONEOS_DEPLOYMENT_TARGET = 16.2;
				MTL_ENABLE_DEBUG_INFO = INCLUDE_SOURCE;
				MTL_FAST_MATH = YES;
				ONLY_ACTIVE_ARCH = YES;
				SDKROOT = iphoneos;
				SWIFT_ACTIVE_COMPILATION_CONDITIONS = DEBUG;
				SWIFT_OPTIMIZATION_LEVEL = "-Onone";
			};
			name = Debug;
		};
		758B31692A11BADD00DABAC8 /* Release */ = {
			isa = XCBuildConfiguration;
			buildSettings = {
				ALWAYS_SEARCH_USER_PATHS = NO;
				CLANG_ANALYZER_NONNULL = YES;
				CLANG_ANALYZER_NUMBER_OBJECT_CONVERSION = YES_AGGRESSIVE;
				CLANG_CXX_LANGUAGE_STANDARD = "gnu++20";
				CLANG_ENABLE_MODULES = YES;
				CLANG_ENABLE_OBJC_ARC = YES;
				CLANG_ENABLE_OBJC_WEAK = YES;
				CLANG_WARN_BLOCK_CAPTURE_AUTORELEASING = YES;
				CLANG_WARN_BOOL_CONVERSION = YES;
				CLANG_WARN_COMMA = YES;
				CLANG_WARN_CONSTANT_CONVERSION = YES;
				CLANG_WARN_DEPRECATED_OBJC_IMPLEMENTATIONS = YES;
				CLANG_WARN_DIRECT_OBJC_ISA_USAGE = YES_ERROR;
				CLANG_WARN_DOCUMENTATION_COMMENTS = YES;
				CLANG_WARN_EMPTY_BODY = YES;
				CLANG_WARN_ENUM_CONVERSION = YES;
				CLANG_WARN_INFINITE_RECURSION = YES;
				CLANG_WARN_INT_CONVERSION = YES;
				CLANG_WARN_NON_LITERAL_NULL_CONVERSION = YES;
				CLANG_WARN_OBJC_IMPLICIT_RETAIN_SELF = YES;
				CLANG_WARN_OBJC_LITERAL_CONVERSION = YES;
				CLANG_WARN_OBJC_ROOT_CLASS = YES_ERROR;
				CLANG_WARN_QUOTED_INCLUDE_IN_FRAMEWORK_HEADER = YES;
				CLANG_WARN_RANGE_LOOP_ANALYSIS = YES;
				CLANG_WARN_STRICT_PROTOTYPES = YES;
				CLANG_WARN_SUSPICIOUS_MOVE = YES;
				CLANG_WARN_UNGUARDED_AVAILABILITY = YES_AGGRESSIVE;
				CLANG_WARN_UNREACHABLE_CODE = YES;
				CLANG_WARN__DUPLICATE_METHOD_MATCH = YES;
				COPY_PHASE_STRIP = NO;
				DEBUG_INFORMATION_FORMAT = "dwarf-with-dsym";
				ENABLE_NS_ASSERTIONS = NO;
				ENABLE_STRICT_OBJC_MSGSEND = YES;
				GCC_C_LANGUAGE_STANDARD = gnu11;
				GCC_NO_COMMON_BLOCKS = YES;
				GCC_WARN_64_TO_32_BIT_CONVERSION = YES;
				GCC_WARN_ABOUT_RETURN_TYPE = YES_ERROR;
				GCC_WARN_UNDECLARED_SELECTOR = YES;
				GCC_WARN_UNINITIALIZED_AUTOS = YES_AGGRESSIVE;
				GCC_WARN_UNUSED_FUNCTION = YES;
				GCC_WARN_UNUSED_VARIABLE = YES;
				IPHONEOS_DEPLOYMENT_TARGET = 16.2;
				MTL_ENABLE_DEBUG_INFO = NO;
				MTL_FAST_MATH = YES;
				SDKROOT = iphoneos;
				SWIFT_COMPILATION_MODE = wholemodule;
				SWIFT_OPTIMIZATION_LEVEL = "-O";
				VALIDATE_PRODUCT = YES;
			};
			name = Release;
		};
		758B316B2A11BADD00DABAC8 /* Debug */ = {
			isa = XCBuildConfiguration;
			buildSettings = {
				ASSETCATALOG_COMPILER_APPICON_NAME = AppIcon;
				ASSETCATALOG_COMPILER_GLOBAL_ACCENT_COLOR_NAME = AccentColor;
				CODE_SIGN_STYLE = Automatic;
				CURRENT_PROJECT_VERSION = 1;
				GENERATE_INFOPLIST_FILE = YES;
				INFOPLIST_FILE = NewsApp/Info.plist;
				INFOPLIST_KEY_UIApplicationSupportsIndirectInputEvents = YES;
				INFOPLIST_KEY_UILaunchStoryboardName = LaunchScreen;
				INFOPLIST_KEY_UIMainStoryboardFile = Main;
				INFOPLIST_KEY_UISupportedInterfaceOrientations_iPad = "UIInterfaceOrientationPortrait UIInterfaceOrientationPortraitUpsideDown UIInterfaceOrientationLandscapeLeft UIInterfaceOrientationLandscapeRight";
				INFOPLIST_KEY_UISupportedInterfaceOrientations_iPhone = "UIInterfaceOrientationPortrait UIInterfaceOrientationLandscapeLeft UIInterfaceOrientationLandscapeRight";
				LD_RUNPATH_SEARCH_PATHS = (
					"$(inherited)",
					"@executable_path/Frameworks",
				);
				MARKETING_VERSION = 1.0;
				PRODUCT_BUNDLE_IDENTIFIER = "-23.NewsApp";
				PRODUCT_NAME = "$(TARGET_NAME)";
				SWIFT_EMIT_LOC_STRINGS = YES;
				SWIFT_VERSION = 5.0;
				TARGETED_DEVICE_FAMILY = "1,2";
			};
			name = Debug;
		};
		758B316C2A11BADD00DABAC8 /* Release */ = {
			isa = XCBuildConfiguration;
			buildSettings = {
				ASSETCATALOG_COMPILER_APPICON_NAME = AppIcon;
				ASSETCATALOG_COMPILER_GLOBAL_ACCENT_COLOR_NAME = AccentColor;
				CODE_SIGN_STYLE = Automatic;
				CURRENT_PROJECT_VERSION = 1;
				GENERATE_INFOPLIST_FILE = YES;
				INFOPLIST_FILE = NewsApp/Info.plist;
				INFOPLIST_KEY_UIApplicationSupportsIndirectInputEvents = YES;
				INFOPLIST_KEY_UILaunchStoryboardName = LaunchScreen;
				INFOPLIST_KEY_UIMainStoryboardFile = Main;
				INFOPLIST_KEY_UISupportedInterfaceOrientations_iPad = "UIInterfaceOrientationPortrait UIInterfaceOrientationPortraitUpsideDown UIInterfaceOrientationLandscapeLeft UIInterfaceOrientationLandscapeRight";
				INFOPLIST_KEY_UISupportedInterfaceOrientations_iPhone = "UIInterfaceOrientationPortrait UIInterfaceOrientationLandscapeLeft UIInterfaceOrientationLandscapeRight";
				LD_RUNPATH_SEARCH_PATHS = (
					"$(inherited)",
					"@executable_path/Frameworks",
				);
				MARKETING_VERSION = 1.0;
				PRODUCT_BUNDLE_IDENTIFIER = "-23.NewsApp";
				PRODUCT_NAME = "$(TARGET_NAME)";
				SWIFT_EMIT_LOC_STRINGS = YES;
				SWIFT_VERSION = 5.0;
				TARGETED_DEVICE_FAMILY = "1,2";
			};
			name = Release;
		};
/* End XCBuildConfiguration section */

/* Begin XCConfigurationList section */
		758B314E2A11BADC00DABAC8 /* Build configuration list for PBXProject "NewsApp" */ = {
			isa = XCConfigurationList;
			buildConfigurations = (
				758B31682A11BADD00DABAC8 /* Debug */,
				758B31692A11BADD00DABAC8 /* Release */,
			);
			defaultConfigurationIsVisible = 0;
			defaultConfigurationName = Release;
		};
		758B316A2A11BADD00DABAC8 /* Build configuration list for PBXNativeTarget "NewsApp" */ = {
			isa = XCConfigurationList;
			buildConfigurations = (
				758B316B2A11BADD00DABAC8 /* Debug */,
				758B316C2A11BADD00DABAC8 /* Release */,
			);
			defaultConfigurationIsVisible = 0;
			defaultConfigurationName = Release;
		};
/* End XCConfigurationList section */

/* Begin XCRemoteSwiftPackageReference section */
		759482AB2A145D5100E87714 /* XCRemoteSwiftPackageReference "SDWebImage" */ = {
			isa = XCRemoteSwiftPackageReference;
			repositoryURL = "https://github.com/SDWebImage/SDWebImage.git";
			requirement = {
				kind = upToNextMajorVersion;
				minimumVersion = 5.0.0;
			};
		};
/* End XCRemoteSwiftPackageReference section */

/* Begin XCSwiftPackageProductDependency section */
		759482A92A144E0300E87714 /* NewsAPI */ = {
			isa = XCSwiftPackageProductDependency;
			productName = NewsAPI;
		};
		759482AC2A145D5100E87714 /* SDWebImage */ = {
			isa = XCSwiftPackageProductDependency;
			package = 759482AB2A145D5100E87714 /* XCRemoteSwiftPackageReference "SDWebImage" */;
			productName = SDWebImage;
		};
/* End XCSwiftPackageProductDependency section */

/* Begin XCVersionGroup section */
		758B315F2A11BADC00DABAC8 /* NewsApp.xcdatamodeld */ = {
			isa = XCVersionGroup;
			children = (
				758B31602A11BADC00DABAC8 /* NewsApp.xcdatamodel */,
			);
			currentVersion = 758B31602A11BADC00DABAC8 /* NewsApp.xcdatamodel */;
			path = NewsApp.xcdatamodeld;
			sourceTree = "<group>";
			versionGroupType = wrapper.xcdatamodel;
		};
/* End XCVersionGroup section */
	};
	rootObject = 758B314B2A11BADC00DABAC8 /* Project object */;
}
